
Microsoft Visual Studio Solution File, Format Version 9.00
# Visual C# Express 2005
Project("{FAE04EC0-301F-11D3-BF4B-00C04F79EFBC}") = "FileWriter", "FileWriter\FileWriter.csproj", "{54B5D135-F14B-4E3F-9F66-C5A23FBEDA20}"
EndProject
Project("{FAE04EC0-301F-11D3-BF4B-00C04F79EFBC}") = "ModemReset", "ModemReset\ModemReset.csproj", "{A693255D-E5F5-4780-AD69-9FA2CA8600BC}"
EndProject
Global
	GlobalSection(SolutionConfigurationPlatforms) = preSolution
		Debug|Any CPU = Debug|Any CPU
		Release|Any CPU = Release|Any CPU
	EndGlobalSection
	GlobalSection(ProjectConfigurationPlatforms) = postSolution
		{54B5D135-F14B-4E3F-9F66-C5A23FBEDA20}.Debug|Any CPU.ActiveCfg = Debug|Any CPU
		{54B5D135-F14B-4E3F-9F66-C5A23FBEDA20}.Debug|Any CPU.Build.0 = Debug|Any CPU
		{54B5D135-F14B-4E3F-9F66-C5A23FBEDA20}.Release|Any CPU.ActiveCfg = Release|Any CPU
		{54B5D135-F14B-4E3F-9F66-C5A23FBEDA20}.Release|Any CPU.Build.0 = Release|Any CPU
		{A693255D-E5F5-4780-AD69-9FA2CA8600BC}.Debug|Any CPU.ActiveCfg = Debug|Any CPU
		{A693255D-E5F5-4780-AD69-9FA2CA8600BC}.Debug|Any CPU.Build.0 = Debug|Any CPU
		{A693255D-E5F5-4780-AD69-9FA2CA8600BC}.Release|Any CPU.ActiveCfg = Release|Any CPU
		{A693255D-E5F5-4780-AD69-9FA2CA8600BC}.Release|Any CPU.Build.0 = Release|Any CPU
	EndGlobalSection
	GlobalSection(SolutionProperties) = preSolution
		HideSolutionNode = FALSE
	EndGlobalSection
EndGlobal
